
Microsoft Visual Studio Solution File, Format Version 12.00
# Visual Studio Version 16
VisualStudioVersion = 16.0.31129.286
MinimumVisualStudioVersion = 10.0.40219.1
Project("{FAE04EC0-301F-11D3-BF4B-00C04F79EFBC}") = "WebApplicationEF", "WebApplicationEF\WebApplicationEF.csproj", "{EC3290AC-D153-460D-A6DB-09A22FD10AE8}"
EndProject
Global
	GlobalSection(SolutionConfigurationPlatforms) = preSolution
		Debug|Any CPU = Debug|Any CPU
		Release|Any CPU = Release|Any CPU
	EndGlobalSection
	GlobalSection(ProjectConfigurationPlatforms) = postSolution
		{EC3290AC-D153-460D-A6DB-09A22FD10AE8}.Debug|Any CPU.ActiveCfg = Debug|Any CPU
		{EC3290AC-D153-460D-A6DB-09A22FD10AE8}.Debug|Any CPU.Build.0 = Debug|Any CPU
		{EC3290AC-D153-460D-A6DB-09A22FD10AE8}.Release|Any CPU.ActiveCfg = Release|Any CPU
		{EC3290AC-D153-460D-A6DB-09A22FD10AE8}.Release|Any CPU.Build.0 = Release|Any CPU
	EndGlobalSection
	GlobalSection(SolutionProperties) = preSolution
		HideSolutionNode = FALSE
	EndGlobalSection
	GlobalSection(ExtensibilityGlobals) = postSolution
		SolutionGuid = {81D5DD8C-9D8D-4571-8670-10FC65BAB44A}
	EndGlobalSection
EndGlobal
